// !$*UTF8*$!
{
	archiveVersion = 1;
	classes = {
	};
	objectVersion = 56;
	objects = {

/* Begin PBXBuildFile section */
		04665A372CBC28220074ADD1 /* Aircondition.swift in Sources */ = {isa = PBXBuildFile; fileRef = 04665A362CBC28220074ADD1 /* Aircondition.swift */; };
		04665A492CBC2B270074ADD1 /* Aircondition.swift in Sources */ = {isa = PBXBuildFile; fileRef = 04665A362CBC28220074ADD1 /* Aircondition.swift */; };
		04665A532CBC2D080074ADD1 /* contestsTests.swift in Sources */ = {isa = PBXBuildFile; fileRef = 04665A432CBC2ACB0074ADD1 /* contestsTests.swift */; };
		04665A562CBC2D3F0074ADD1 /* AirconditionTests.swift in Sources */ = {isa = PBXBuildFile; fileRef = 04665A552CBC2D3F0074ADD1 /* AirconditionTests.swift */; };
		048D0D002CBC2F3F006A833C /* main.swift in Sources */ = {isa = PBXBuildFile; fileRef = 048D0CFF2CBC2F3F006A833C /* main.swift */; };
		048D0D012CBC2F50006A833C /* main.swift in Sources */ = {isa = PBXBuildFile; fileRef = 048D0CFF2CBC2F3F006A833C /* main.swift */; };
/* End PBXBuildFile section */

/* Begin PBXCopyFilesBuildPhase section */
		04665A242CBC1E570074ADD1 /* CopyFiles */ = {
			isa = PBXCopyFilesBuildPhase;
			buildActionMask = 2147483647;
			dstPath = /usr/share/man/man1/;
			dstSubfolderSpec = 0;
			files = (
			);
			runOnlyForDeploymentPostprocessing = 1;
		};
/* End PBXCopyFilesBuildPhase section */

/* Begin PBXFileReference section */
		04665A262CBC1E570074ADD1 /* contests */ = {isa = PBXFileReference; explicitFileType = "compiled.mach-o.executable"; includeInIndex = 0; path = contests; sourceTree = BUILT_PRODUCTS_DIR; };
		04665A312CBC27EB0074ADD1 /* XCTest.framework */ = {isa = PBXFileReference; lastKnownFileType = wrapper.framework; name = XCTest.framework; path = Platforms/MacOSX.platform/Developer/Library/Frameworks/XCTest.framework; sourceTree = DEVELOPER_DIR; };
		04665A362CBC28220074ADD1 /* Aircondition.swift */ = {isa = PBXFileReference; lastKnownFileType = sourcecode.swift; path = Aircondition.swift; sourceTree = "<group>"; };
		04665A412CBC2ACB0074ADD1 /* contestsTests.xctest */ = {isa = PBXFileReference; explicitFileType = wrapper.cfbundle; includeInIndex = 0; path = contestsTests.xctest; sourceTree = BUILT_PRODUCTS_DIR; };
		04665A432CBC2ACB0074ADD1 /* contestsTests.swift */ = {isa = PBXFileReference; lastKnownFileType = sourcecode.swift; path = contestsTests.swift; sourceTree = "<group>"; };
		04665A482CBC2AF70074ADD1 /* contests.xctestplan */ = {isa = PBXFileReference; lastKnownFileType = text; name = contests.xctestplan; path = ../contests.xctestplan; sourceTree = "<group>"; };
		04665A552CBC2D3F0074ADD1 /* AirconditionTests.swift */ = {isa = PBXFileReference; lastKnownFileType = sourcecode.swift; path = AirconditionTests.swift; sourceTree = "<group>"; };
		048D0CFF2CBC2F3F006A833C /* main.swift */ = {isa = PBXFileReference; fileEncoding = 4; lastKnownFileType = sourcecode.swift; path = main.swift; sourceTree = SOURCE_ROOT; };
/* End PBXFileReference section */

/* Begin PBXFrameworksBuildPhase section */
		04665A232CBC1E570074ADD1 /* Frameworks */ = {
			isa = PBXFrameworksBuildPhase;
			buildActionMask = 2147483647;
			files = (
			);
			runOnlyForDeploymentPostprocessing = 0;
		};
		04665A3E2CBC2ACB0074ADD1 /* Frameworks */ = {
			isa = PBXFrameworksBuildPhase;
			buildActionMask = 2147483647;
			files = (
			);
			runOnlyForDeploymentPostprocessing = 0;
		};
/* End PBXFrameworksBuildPhase section */

/* Begin PBXGroup section */
		04665A1D2CBC1E570074ADD1 = {
			isa = PBXGroup;
			children = (
				04665A482CBC2AF70074ADD1 /* contests.xctestplan */,
				04665A282CBC1E570074ADD1 /* contests */,
				04665A422CBC2ACB0074ADD1 /* contestsTests */,
				04665A272CBC1E570074ADD1 /* Products */,
				04665A302CBC27EA0074ADD1 /* Frameworks */,
			);
			sourceTree = "<group>";
		};
		04665A272CBC1E570074ADD1 /* Products */ = {
			isa = PBXGroup;
			children = (
				04665A262CBC1E570074ADD1 /* contests */,
				04665A412CBC2ACB0074ADD1 /* contestsTests.xctest */,
			);
			name = Products;
			sourceTree = "<group>";
		};
		04665A282CBC1E570074ADD1 /* contests */ = {
			isa = PBXGroup;
			children = (
				048D0CFF2CBC2F3F006A833C /* main.swift */,
				04665A352CBC28160074ADD1 /* 2021_lesson1 */,
			);
			path = contests;
			sourceTree = "<group>";
		};
		04665A302CBC27EA0074ADD1 /* Frameworks */ = {
			isa = PBXGroup;
			children = (
				04665A312CBC27EB0074ADD1 /* XCTest.framework */,
			);
			name = Frameworks;
			sourceTree = "<group>";
		};
		04665A352CBC28160074ADD1 /* 2021_lesson1 */ = {
			isa = PBXGroup;
			children = (
				04665A362CBC28220074ADD1 /* Aircondition.swift */,
			);
			path = 2021_lesson1;
			sourceTree = "<group>";
		};
		04665A422CBC2ACB0074ADD1 /* contestsTests */ = {
			isa = PBXGroup;
			children = (
				04665A542CBC2D300074ADD1 /* 2021_lesson1 */,
				04665A432CBC2ACB0074ADD1 /* contestsTests.swift */,
			);
			path = contestsTests;
			sourceTree = "<group>";
		};
		04665A542CBC2D300074ADD1 /* 2021_lesson1 */ = {
			isa = PBXGroup;
			children = (
				04665A552CBC2D3F0074ADD1 /* AirconditionTests.swift */,
			);
			path = 2021_lesson1;
			sourceTree = "<group>";
		};
/* End PBXGroup section */

/* Begin PBXNativeTarget section */
		04665A252CBC1E570074ADD1 /* contests */ = {
			isa = PBXNativeTarget;
			buildConfigurationList = 04665A2D2CBC1E570074ADD1 /* Build configuration list for PBXNativeTarget "contests" */;
			buildPhases = (
				04665A222CBC1E570074ADD1 /* Sources */,
				04665A232CBC1E570074ADD1 /* Frameworks */,
				04665A242CBC1E570074ADD1 /* CopyFiles */,
			);
			buildRules = (
			);
			dependencies = (
			);
			name = contests;
			productName = contests;
			productReference = 04665A262CBC1E570074ADD1 /* contests */;
			productType = "com.apple.product-type.tool";
		};
		04665A402CBC2ACB0074ADD1 /* contestsTests */ = {
			isa = PBXNativeTarget;
			buildConfigurationList = 04665A452CBC2ACB0074ADD1 /* Build configuration list for PBXNativeTarget "contestsTests" */;
			buildPhases = (
				04665A3D2CBC2ACB0074ADD1 /* Sources */,
				04665A3E2CBC2ACB0074ADD1 /* Frameworks */,
				04665A3F2CBC2ACB0074ADD1 /* Resources */,
			);
			buildRules = (
			);
			dependencies = (
			);
			name = contestsTests;
			productName = contestsTests;
			productReference = 04665A412CBC2ACB0074ADD1 /* contestsTests.xctest */;
			productType = "com.apple.product-type.bundle.unit-test";
		};
/* End PBXNativeTarget section */

/* Begin PBXProject section */
		04665A1E2CBC1E570074ADD1 /* Project object */ = {
			isa = PBXProject;
			attributes = {
				BuildIndependentTargetsInParallel = 1;
				LastSwiftUpdateCheck = 1540;
				LastUpgradeCheck = 1540;
				TargetAttributes = {
					04665A252CBC1E570074ADD1 = {
						CreatedOnToolsVersion = 15.4;
					};
					04665A402CBC2ACB0074ADD1 = {
						CreatedOnToolsVersion = 15.4;
					};
				};
			};
			buildConfigurationList = 04665A212CBC1E570074ADD1 /* Build configuration list for PBXProject "contests" */;
			compatibilityVersion = "Xcode 14.0";
			developmentRegion = en;
			hasScannedForEncodings = 0;
			knownRegions = (
				en,
				Base,
			);
			mainGroup = 04665A1D2CBC1E570074ADD1;
			productRefGroup = 04665A272CBC1E570074ADD1 /* Products */;
			projectDirPath = "";
			projectRoot = "";
			targets = (
				04665A252CBC1E570074ADD1 /* contests */,
				04665A402CBC2ACB0074ADD1 /* contestsTests */,
			);
		};
/* End PBXProject section */

/* Begin PBXResourcesBuildPhase section */
		04665A3F2CBC2ACB0074ADD1 /* Resources */ = {
			isa = PBXResourcesBuildPhase;
			buildActionMask = 2147483647;
			files = (
			);
			runOnlyForDeploymentPostprocessing = 0;
		};
/* End PBXResourcesBuildPhase section */

/* Begin PBXSourcesBuildPhase section */
		04665A222CBC1E570074ADD1 /* Sources */ = {
			isa = PBXSourcesBuildPhase;
			buildActionMask = 2147483647;
			files = (
				04665A372CBC28220074ADD1 /* Aircondition.swift in Sources */,
				048D0D002CBC2F3F006A833C /* main.swift in Sources */,
			);
			runOnlyForDeploymentPostprocessing = 0;
		};
		04665A3D2CBC2ACB0074ADD1 /* Sources */ = {
			isa = PBXSourcesBuildPhase;
			buildActionMask = 2147483647;
			files = (
				04665A562CBC2D3F0074ADD1 /* AirconditionTests.swift in Sources */,
				04665A532CBC2D080074ADD1 /* contestsTests.swift in Sources */,
				048D0D012CBC2F50006A833C /* main.swift in Sources */,
				04665A492CBC2B270074ADD1 /* Aircondition.swift in Sources */,
			);
			runOnlyForDeploymentPostprocessing = 0;
		};
/* End PBXSourcesBuildPhase section */

/* Begin XCBuildConfiguration section */
		04665A2B2CBC1E570074ADD1 /* Debug */ = {
			isa = XCBuildConfiguration;
			buildSettings = {
				ALWAYS_SEARCH_USER_PATHS = NO;
				ASSETCATALOG_COMPILER_GENERATE_SWIFT_ASSET_SYMBOL_EXTENSIONS = YES;
				CLANG_ANALYZER_NONNULL = YES;
				CLANG_ANALYZER_NUMBER_OBJECT_CONVERSION = YES_AGGRESSIVE;
				CLANG_CXX_LANGUAGE_STANDARD = "gnu++20";
				CLANG_ENABLE_MODULES = YES;
				CLANG_ENABLE_OBJC_ARC = YES;
				CLANG_ENABLE_OBJC_WEAK = YES;
				CLANG_WARN_BLOCK_CAPTURE_AUTORELEASING = YES;
				CLANG_WARN_BOOL_CONVERSION = YES;
				CLANG_WARN_COMMA = YES;
				CLANG_WARN_CONSTANT_CONVERSION = YES;
				CLANG_WARN_DEPRECATED_OBJC_IMPLEMENTATIONS = YES;
				CLANG_WARN_DIRECT_OBJC_ISA_USAGE = YES_ERROR;
				CLANG_WARN_DOCUMENTATION_COMMENTS = YES;
				CLANG_WARN_EMPTY_BODY = YES;
				CLANG_WARN_ENUM_CONVERSION = YES;
				CLANG_WARN_INFINITE_RECURSION = YES;
				CLANG_WARN_INT_CONVERSION = YES;
				CLANG_WARN_NON_LITERAL_NULL_CONVERSION = YES;
				CLANG_WARN_OBJC_IMPLICIT_RETAIN_SELF = YES;
				CLANG_WARN_OBJC_LITERAL_CONVERSION = YES;
				CLANG_WARN_OBJC_ROOT_CLASS = YES_ERROR;
				CLANG_WARN_QUOTED_INCLUDE_IN_FRAMEWORK_HEADER = YES;
				CLANG_WARN_RANGE_LOOP_ANALYSIS = YES;
				CLANG_WARN_STRICT_PROTOTYPES = YES;
				CLANG_WARN_SUSPICIOUS_MOVE = YES;
				CLANG_WARN_UNGUARDED_AVAILABILITY = YES_AGGRESSIVE;
				CLANG_WARN_UNREACHABLE_CODE = YES;
				CLANG_WARN__DUPLICATE_METHOD_MATCH = YES;
				COPY_PHASE_STRIP = NO;
				DEBUG_INFORMATION_FORMAT = dwarf;
				ENABLE_STRICT_OBJC_MSGSEND = YES;
				ENABLE_TESTABILITY = YES;
				ENABLE_USER_SCRIPT_SANDBOXING = YES;
				GCC_C_LANGUAGE_STANDARD = gnu17;
				GCC_DYNAMIC_NO_PIC = NO;
				GCC_NO_COMMON_BLOCKS = YES;
				GCC_OPTIMIZATION_LEVEL = 0;
				GCC_PREPROCESSOR_DEFINITIONS = (
					"DEBUG=1",
					"$(inherited)",
				);
				GCC_WARN_64_TO_32_BIT_CONVERSION = YES;
				GCC_WARN_ABOUT_RETURN_TYPE = YES_ERROR;
				GCC_WARN_UNDECLARED_SELECTOR = YES;
				GCC_WARN_UNINITIALIZED_AUTOS = YES_AGGRESSIVE;
				GCC_WARN_UNUSED_FUNCTION = YES;
				GCC_WARN_UNUSED_VARIABLE = YES;
				LOCALIZATION_PREFERS_STRING_CATALOGS = YES;
				MACOSX_DEPLOYMENT_TARGET = 14.5;
				MTL_ENABLE_DEBUG_INFO = INCLUDE_SOURCE;
				MTL_FAST_MATH = YES;
				ONLY_ACTIVE_ARCH = YES;
				SDKROOT = macosx;
				SWIFT_ACTIVE_COMPILATION_CONDITIONS = "DEBUG $(inherited)";
				SWIFT_OPTIMIZATION_LEVEL = "-Onone";
			};
			name = Debug;
		};
		04665A2C2CBC1E570074ADD1 /* Release */ = {
			isa = XCBuildConfiguration;
			buildSettings = {
				ALWAYS_SEARCH_USER_PATHS = NO;
				ASSETCATALOG_COMPILER_GENERATE_SWIFT_ASSET_SYMBOL_EXTENSIONS = YES;
				CLANG_ANALYZER_NONNULL = YES;
				CLANG_ANALYZER_NUMBER_OBJECT_CONVERSION = YES_AGGRESSIVE;
				CLANG_CXX_LANGUAGE_STANDARD = "gnu++20";
				CLANG_ENABLE_MODULES = YES;
				CLANG_ENABLE_OBJC_ARC = YES;
				CLANG_ENABLE_OBJC_WEAK = YES;
				CLANG_WARN_BLOCK_CAPTURE_AUTORELEASING = YES;
				CLANG_WARN_BOOL_CONVERSION = YES;
				CLANG_WARN_COMMA = YES;
				CLANG_WARN_CONSTANT_CONVERSION = YES;
				CLANG_WARN_DEPRECATED_OBJC_IMPLEMENTATIONS = YES;
				CLANG_WARN_DIRECT_OBJC_ISA_USAGE = YES_ERROR;
				CLANG_WARN_DOCUMENTATION_COMMENTS = YES;
				CLANG_WARN_EMPTY_BODY = YES;
				CLANG_WARN_ENUM_CONVERSION = YES;
				CLANG_WARN_INFINITE_RECURSION = YES;
				CLANG_WARN_INT_CONVERSION = YES;
				CLANG_WARN_NON_LITERAL_NULL_CONVERSION = YES;
				CLANG_WARN_OBJC_IMPLICIT_RETAIN_SELF = YES;
				CLANG_WARN_OBJC_LITERAL_CONVERSION = YES;
				CLANG_WARN_OBJC_ROOT_CLASS = YES_ERROR;
				CLANG_WARN_QUOTED_INCLUDE_IN_FRAMEWORK_HEADER = YES;
				CLANG_WARN_RANGE_LOOP_ANALYSIS = YES;
				CLANG_WARN_STRICT_PROTOTYPES = YES;
				CLANG_WARN_SUSPICIOUS_MOVE = YES;
				CLANG_WARN_UNGUARDED_AVAILABILITY = YES_AGGRESSIVE;
				CLANG_WARN_UNREACHABLE_CODE = YES;
				CLANG_WARN__DUPLICATE_METHOD_MATCH = YES;
				COPY_PHASE_STRIP = NO;
				DEBUG_INFORMATION_FORMAT = "dwarf-with-dsym";
				ENABLE_NS_ASSERTIONS = NO;
				ENABLE_STRICT_OBJC_MSGSEND = YES;
				ENABLE_USER_SCRIPT_SANDBOXING = YES;
				GCC_C_LANGUAGE_STANDARD = gnu17;
				GCC_NO_COMMON_BLOCKS = YES;
				GCC_WARN_64_TO_32_BIT_CONVERSION = YES;
				GCC_WARN_ABOUT_RETURN_TYPE = YES_ERROR;
				GCC_WARN_UNDECLARED_SELECTOR = YES;
				GCC_WARN_UNINITIALIZED_AUTOS = YES_AGGRESSIVE;
				GCC_WARN_UNUSED_FUNCTION = YES;
				GCC_WARN_UNUSED_VARIABLE = YES;
				LOCALIZATION_PREFERS_STRING_CATALOGS = YES;
				MACOSX_DEPLOYMENT_TARGET = 14.5;
				MTL_ENABLE_DEBUG_INFO = NO;
				MTL_FAST_MATH = YES;
				SDKROOT = macosx;
				SWIFT_COMPILATION_MODE = wholemodule;
			};
			name = Release;
		};
		04665A2E2CBC1E570074ADD1 /* Debug */ = {
			isa = XCBuildConfiguration;
			buildSettings = {
				CODE_SIGN_STYLE = Automatic;
				DEVELOPMENT_TEAM = 2UV3UVQ6CK;
				ENABLE_HARDENED_RUNTIME = YES;
				PRODUCT_NAME = "$(TARGET_NAME)";
				SWIFT_VERSION = 5.0;
			};
			name = Debug;
		};
		04665A2F2CBC1E570074ADD1 /* Release */ = {
			isa = XCBuildConfiguration;
			buildSettings = {
				CODE_SIGN_STYLE = Automatic;
				DEVELOPMENT_TEAM = 2UV3UVQ6CK;
				ENABLE_HARDENED_RUNTIME = YES;
				PRODUCT_NAME = "$(TARGET_NAME)";
				SWIFT_VERSION = 5.0;
			};
			name = Release;
		};
		04665A462CBC2ACB0074ADD1 /* Debug */ = {
			isa = XCBuildConfiguration;
			buildSettings = {
				CODE_SIGN_STYLE = Automatic;
				CURRENT_PROJECT_VERSION = 1;
				DEVELOPMENT_TEAM = 2UV3UVQ6CK;
				GENERATE_INFOPLIST_FILE = YES;
				MARKETING_VERSION = 1.0;
				PRODUCT_BUNDLE_IDENTIFIER = valery.kavaleuski.bc7d4182e33caa7e.contestsTests;
				PRODUCT_NAME = "$(TARGET_NAME)";
				SWIFT_EMIT_LOC_STRINGS = NO;
				SWIFT_VERSION = 5.0;
			};
			name = Debug;
		};
		04665A472CBC2ACB0074ADD1 /* Release */ = {
			isa = XCBuildConfiguration;
			buildSettings = {
				CODE_SIGN_STYLE = Automatic;
				CURRENT_PROJECT_VERSION = 1;
				DEVELOPMENT_TEAM = 2UV3UVQ6CK;
				GENERATE_INFOPLIST_FILE = YES;
				MARKETING_VERSION = 1.0;
				PRODUCT_BUNDLE_IDENTIFIER = valery.kavaleuski.bc7d4182e33caa7e.contestsTests;
				PRODUCT_NAME = "$(TARGET_NAME)";
				SWIFT_EMIT_LOC_STRINGS = NO;
				SWIFT_VERSION = 5.0;
			};
			name = Release;
		};
/* End XCBuildConfiguration section */

/* Begin XCConfigurationList section */
		04665A212CBC1E570074ADD1 /* Build configuration list for PBXProject "contests" */ = {
			isa = XCConfigurationList;
			buildConfigurations = (
				04665A2B2CBC1E570074ADD1 /* Debug */,
				04665A2C2CBC1E570074ADD1 /* Release */,
			);
			defaultConfigurationIsVisible = 0;
			defaultConfigurationName = Release;
		};
		04665A2D2CBC1E570074ADD1 /* Build configuration list for PBXNativeTarget "contests" */ = {
			isa = XCConfigurationList;
			buildConfigurations = (
				04665A2E2CBC1E570074ADD1 /* Debug */,
				04665A2F2CBC1E570074ADD1 /* Release */,
			);
			defaultConfigurationIsVisible = 0;
			defaultConfigurationName = Release;
		};
		04665A452CBC2ACB0074ADD1 /* Build configuration list for PBXNativeTarget "contestsTests" */ = {
			isa = XCConfigurationList;
			buildConfigurations = (
				04665A462CBC2ACB0074ADD1 /* Debug */,
				04665A472CBC2ACB0074ADD1 /* Release */,
			);
			defaultConfigurationIsVisible = 0;
			defaultConfigurationName = Release;
		};
/* End XCConfigurationList section */
	};
	rootObject = 04665A1E2CBC1E570074ADD1 /* Project object */;
}
